# THIS IS AN AUTOGENERATED FILE. DO NOT EDIT THIS FILE DIRECTLY.
# yarn lockfile v1


handsontable@^0.31.1:
  version "0.31.1"
  resolved "https://registry.yarnpkg.com/handsontable/-/handsontable-0.31.1.tgz#79fd1258cbd06a3d8f3126231e25abb7b3484932"
  dependencies:
    moment "^2.13.0"
    numbro "^1.8.0"
    pikaday "^1.4.0"
    zeroclipboard "^2.2.0"

moment@2.x, moment@^2.13.0, moment@^2.19.3:
  version "2.19.3"
  resolved "https://registry.yarnpkg.com/moment/-/moment-2.19.3.tgz#bdb99d270d6d7fda78cc0fbace855e27fe7da69f"

numbro@^1.8.0:
  version "1.9.3"
  resolved "https://registry.yarnpkg.com/numbro/-/numbro-1.9.3.tgz#47f727f580aef49fcd5fdd5fa2af7e603e68b530"

pikaday@^1.4.0:
  version "1.5.1"
  resolved "https://registry.yarnpkg.com/pikaday/-/pikaday-1.5.1.tgz#0a48549bc1a14ea1d08c44074d761bc2f2bfcfd3"
  optionalDependencies:
    moment "2.x"

zeroclipboard@^2.2.0:
  version "2.3.0"
  resolved "https://registry.yarnpkg.com/zeroclipboard/-/zeroclipboard-2.3.0.tgz#592ebd833a4308688b0739697d3dbf989002c9af"
